# This file is autogenerated, do not edit; changes may be undone by the next 'dep ensure'.


[[projects]]
  name = "github.com/blang/semver"
  packages = ["."]
  revision = "b38d23b8782a487059e8fc8773e9a5b228a77cb6"
  version = "v3.5.0"

[[projects]]
  name = "github.com/davecgh/go-spew"
  packages = ["spew"]
  revision = "346938d642f2ec3594ed81d874461961cd0faa76"
  version = "v1.1.0"

[[projects]]
  name = "github.com/docker/distribution"
  packages = ["digest","reference"]
  revision = "a25b9ef0c9fe242ac04bb20d3a028442b7d266b6"
  version = "v2.6.1"

[[projects]]
  name = "github.com/emicklei/go-restful"
  packages = [".","log","swagger"]
  revision = "777bb3f19bcafe2575ffb2a3e46af92509ae9594"
  version = "v1.2"

[[projects]]
  name = "github.com/ghodss/yaml"
  packages = ["."]
  revision = "0ca9ea5df5451ffdf184b4428c902747c2c11cd7"
  version = "v1.0.0"

[[projects]]
  name = "github.com/go-telegram-bot-api/telegram-bot-api"
  packages = ["."]
  revision = "0a57807db79efce7f6719fbb2c0e0f83fda79aec"
  version = "v4.6"

[[projects]]
  name = "github.com/gogo/protobuf"
  packages = ["proto","sortkeys"]
  revision = "100ba4e885062801d56799d78530b73b178a78f3"
  version = "v0.4"

[[projects]]
  branch = "master"
  name = "github.com/golang/glog"
  packages = ["."]
  revision = "23def4e6c14b4da8ac2ed8007337bc5eb5007998"

[[projects]]
  branch = "master"
  name = "github.com/golang/protobuf"
  packages = ["proto"]
  revision = "0a4f71a498b7c4812f64969510bcb4eca251e33a"

[[projects]]
  branch = "master"
  name = "github.com/google/go-github"
  packages = ["github"]
  revision = "00874eae3fbfc6750bfff364b1897101684d2f30"

[[projects]]
  branch = "master"
  name = "github.com/google/go-querystring"
  packages = ["query"]
  revision = "53e6ce116135b80d037921a7fdd5138cf32d7a8a"

[[projects]]
  branch = "master"
  name = "github.com/google/gofuzz"
  packages = ["."]
  revision = "24818f796faf91cd76ec7bddd72458fbced7a6c1"

[[projects]]
  name = "github.com/imdario/mergo"
  packages = ["."]
  revision = "3e95a51e0639b4cf372f2ccf74c86749d747fbdc"
  version = "0.2.2"

[[projects]]
  branch = "master"
  name = "github.com/juju/ratelimit"
  packages = ["."]
  revision = "5b9ff866471762aa2ab2dced63c9fb6f53921342"

[[projects]]
  name = "github.com/pborman/uuid"
  packages = ["."]
  revision = "a97ce2ca70fa5a848076093f05e639a89ca34d06"
  version = "v1.0"

[[projects]]
  branch = "master"
  name = "github.com/spf13/pflag"
  packages = ["."]
  revision = "e57e3eeb33f795204c1ca35f56c44f83227c6e66"

[[projects]]
  name = "github.com/technoweenie/multipartstreamer"
  packages = ["."]
  revision = "a90a01d73ae432e2611d178c18367fbaa13e0154"
  version = "v1.0.1"

[[projects]]
  branch = "master"
  name = "github.com/ugorji/go"
  packages = ["codec"]
  revision = "5efa3251c7f7d05e5d9704a69a984ec9f1386a40"

[[projects]]
  branch = "master"
  name = "golang.org/x/net"
  packages = ["context","http2","http2/hpack","idna","lex/httplex"]
  revision = "b3756b4b77d7b13260a0a2ec658753cf48922eac"

[[projects]]
  branch = "master"
  name = "golang.org/x/text"
  packages = ["internal/gen","internal/triegen","internal/ucd","secure/bidirule","transform","unicode/bidi","unicode/cldr","unicode/norm","unicode/rangetable"]
  revision = "836efe42bb4aa16aaa17b9c155d8813d336ed720"

[[projects]]
  name = "google.golang.org/appengine"
  packages = [".","internal","internal/app_identity","internal/base","internal/datastore","internal/log","internal/modules","internal/remote_api"]
  revision = "150dc57a1b433e64154302bdc40b6bb8aefa313a"
  version = "v1.0.0"

[[projects]]
  name = "gopkg.in/inf.v0"
  packages = ["."]
  revision = "3887ee99ecf07df5b447e9b00d9c0b2adaa9f3e4"
  version = "v0.9.0"

[[projects]]
  branch = "v2"
  name = "gopkg.in/yaml.v2"
  packages = ["."]
  revision = "3b4ad1db5b2a649883ff3782f5f9f6fb52be71af"

[[projects]]
  name = "k8s.io/client-go"
  packages = ["1.4/discovery","1.4/kubernetes","1.4/kubernetes/typed/apps/v1alpha1","1.4/kubernetes/typed/authentication/v1beta1","1.4/kubernetes/typed/authorization/v1beta1","1.4/kubernetes/typed/autoscaling/v1","1.4/kubernetes/typed/batch/v1","1.4/kubernetes/typed/certificates/v1alpha1","1.4/kubernetes/typed/core/v1","1.4/kubernetes/typed/extensions/v1beta1","1.4/kubernetes/typed/policy/v1alpha1","1.4/kubernetes/typed/rbac/v1alpha1","1.4/kubernetes/typed/storage/v1beta1","1.4/pkg/api","1.4/pkg/api/endpoints","1.4/pkg/api/errors","1.4/pkg/api/install","1.4/pkg/api/meta","1.4/pkg/api/meta/metatypes","1.4/pkg/api/pod","1.4/pkg/api/resource","1.4/pkg/api/service","1.4/pkg/api/unversioned","1.4/pkg/api/unversioned/validation","1.4/pkg/api/util","1.4/pkg/api/v1","1.4/pkg/api/validation","1.4/pkg/apimachinery","1.4/pkg/apimachinery/registered","1.4/pkg/apis/apps","1.4/pkg/apis/apps/install","1.4/pkg/apis/apps/v1alpha1","1.4/pkg/apis/authentication","1.4/pkg/apis/authentication/install","1.4/pkg/apis/authentication/v1beta1","1.4/pkg/apis/authorization","1.4/pkg/apis/authorization/install","1.4/pkg/apis/authorization/v1beta1","1.4/pkg/apis/autoscaling","1.4/pkg/apis/autoscaling/install","1.4/pkg/apis/autoscaling/v1","1.4/pkg/apis/batch","1.4/pkg/apis/batch/install","1.4/pkg/apis/batch/v1","1.4/pkg/apis/batch/v2alpha1","1.4/pkg/apis/certificates","1.4/pkg/apis/certificates/install","1.4/pkg/apis/certificates/v1alpha1","1.4/pkg/apis/extensions","1.4/pkg/apis/extensions/install","1.4/pkg/apis/extensions/v1beta1","1.4/pkg/apis/policy","1.4/pkg/apis/policy/install","1.4/pkg/apis/policy/v1alpha1","1.4/pkg/apis/rbac","1.4/pkg/apis/rbac/install","1.4/pkg/apis/rbac/v1alpha1","1.4/pkg/apis/storage","1.4/pkg/apis/storage/install","1.4/pkg/apis/storage/v1beta1","1.4/pkg/auth/user","1.4/pkg/capabilities","1.4/pkg/conversion","1.4/pkg/conversion/queryparams","1.4/pkg/fields","1.4/pkg/labels","1.4/pkg/runtime","1.4/pkg/runtime/serializer","1.4/pkg/runtime/serializer/json","1.4/pkg/runtime/serializer/protobuf","1.4/pkg/runtime/serializer/recognizer","1.4/pkg/runtime/serializer/streaming","1.4/pkg/runtime/serializer/versioning","1.4/pkg/security/apparmor","1.4/pkg/selection","1.4/pkg/third_party/forked/golang/reflect","1.4/pkg/types","1.4/pkg/util","1.4/pkg/util/clock","1.4/pkg/util/config","1.4/pkg/util/crypto","1.4/pkg/util/errors","1.4/pkg/util/flowcontrol","1.4/pkg/util/framer","1.4/pkg/util/hash","1.4/pkg/util/homedir","1.4/pkg/util/integer","1.4/pkg/util/intstr","1.4/pkg/util/json","1.4/pkg/util/labels","1.4/pkg/util/net","1.4/pkg/util/net/sets","1.4/pkg/util/parsers","1.4/pkg/util/rand","1.4/pkg/util/runtime","1.4/pkg/util/sets","1.4/pkg/util/uuid","1.4/pkg/util/validation","1.4/pkg/util/validation/field","1.4/pkg/util/wait","1.4/pkg/util/yaml","1.4/pkg/version","1.4/pkg/watch","1.4/pkg/watch/versioned","1.4/rest","1.4/tools/auth","1.4/tools/clientcmd","1.4/tools/clientcmd/api","1.4/tools/clientcmd/api/latest","1.4/tools/clientcmd/api/v1","1.4/tools/metrics","1.4/transport"]
  revision = "3a5b96cfd3d3ff1d53d979b4297c4f3b869aab09"
  version = "v1.4.0"

[solve-meta]
  analyzer-name = "dep"
  analyzer-version = 1
  inputs-digest = "b074fd3461b752d6c7f719da7eb0e83bf6abd648e337be7766f5ec8cd834ae00"
  solver-name = "gps-cdcl"
  solver-version = 1
